
Microsoft Visual Studio Solution File, Format Version 12.00
# Visual Studio Version 17
VisualStudioVersion = 17.10.35013.160
MinimumVisualStudioVersion = 10.0.40219.1
Project("{9A19103F-16F7-4668-BE54-9A1E7A4F7556}") = "TypePicker", "TypePicker\TypePicker.csproj", "{2064F4CE-0C80-431D-A009-041C5DFCEEA6}"
EndProject
Project("{2150E333-8FDC-42A3-9474-1A3956D46DE8}") = "Solution Items", "Solution Items", "{DB0882FD-44E0-4602-BC0C-19A957A68CD0}"
	ProjectSection(SolutionItems) = preProject
		Directory.Build.props = Directory.Build.props
		README.md = README.md
	EndProjectSection
EndProject
Global
	GlobalSection(SolutionConfigurationPlatforms) = preSolution
		Debug|Any CPU = Debug|Any CPU
		Release|Any CPU = Release|Any CPU
	EndGlobalSection
	GlobalSection(ProjectConfigurationPlatforms) = postSolution
		{2064F4CE-0C80-431D-A009-041C5DFCEEA6}.Debug|Any CPU.ActiveCfg = Debug|Any CPU
		{2064F4CE-0C80-431D-A009-041C5DFCEEA6}.Debug|Any CPU.Build.0 = Debug|Any CPU
		{2064F4CE-0C80-431D-A009-041C5DFCEEA6}.Release|Any CPU.ActiveCfg = Release|Any CPU
		{2064F4CE-0C80-431D-A009-041C5DFCEEA6}.Release|Any CPU.Build.0 = Release|Any CPU
	EndGlobalSection
	GlobalSection(SolutionProperties) = preSolution
		HideSolutionNode = FALSE
	EndGlobalSection
	GlobalSection(ExtensibilityGlobals) = postSolution
		SolutionGuid = {921A929E-D1E5-41BD-AF84-82084FB738F8}
	EndGlobalSection
EndGlobal
